
Microsoft Visual Studio Solution File, Format Version 12.00
# Visual Studio Version 16
VisualStudioVersion = 16.0.31702.278
MinimumVisualStudioVersion = 10.0.40219.1
Project("{159641D6-6404-4A2A-AE62-294DE0FE8301}") = "SDG", "SDG\SDG.dtproj", "{7F734365-0E94-4AE5-8739-5D0C921C118F}"
EndProject
Global
	GlobalSection(SolutionConfigurationPlatforms) = preSolution
		Development|Default = Development|Default
	EndGlobalSection
	GlobalSection(ProjectConfigurationPlatforms) = postSolution
		{7F734365-0E94-4AE5-8739-5D0C921C118F}.Development|Default.ActiveCfg = Development
		{7F734365-0E94-4AE5-8739-5D0C921C118F}.Development|Default.Build.0 = Development
	EndGlobalSection
	GlobalSection(SolutionProperties) = preSolution
		HideSolutionNode = FALSE
	EndGlobalSection
	GlobalSection(ExtensibilityGlobals) = postSolution
		SolutionGuid = {EFCE926C-2F24-4073-9A78-9B120C36DFAE}
	EndGlobalSection
EndGlobal
